// !$*UTF8*$!
{
	archiveVersion = 1;
	classes = {
	};
	objectVersion = 46;
	objects = {

/* Begin PBXBuildFile section */
		1BB6FFA64753BA02C03E1D7E /* Pods_TwitterApp.framework in Frameworks */ = {isa = PBXBuildFile; fileRef = 58A81828D57CD352FDF94B6E /* Pods_TwitterApp.framework */; };
		460B519B1E6BFAD6001E89B0 /* ProfileViewController.swift in Sources */ = {isa = PBXBuildFile; fileRef = 460B519A1E6BFAD6001E89B0 /* ProfileViewController.swift */; };
		460B519D1E6BFAEC001E89B0 /* ComposeTweetViewController.swift in Sources */ = {isa = PBXBuildFile; fileRef = 460B519C1E6BFAEC001E89B0 /* ComposeTweetViewController.swift */; };
		461A59891E627CEC008990E5 /* AppDelegate.swift in Sources */ = {isa = PBXBuildFile; fileRef = 461A59881E627CEC008990E5 /* AppDelegate.swift */; };
		461A598E1E627CEC008990E5 /* Main.storyboard in Resources */ = {isa = PBXBuildFile; fileRef = 461A598C1E627CEC008990E5 /* Main.storyboard */; };
		461A59911E627CEC008990E5 /* TwitterApp.xcdatamodeld in Sources */ = {isa = PBXBuildFile; fileRef = 461A598F1E627CEC008990E5 /* TwitterApp.xcdatamodeld */; };
		461A59931E627CEC008990E5 /* Assets.xcassets in Resources */ = {isa = PBXBuildFile; fileRef = 461A59921E627CEC008990E5 /* Assets.xcassets */; };
		461A59961E627CEC008990E5 /* LaunchScreen.storyboard in Resources */ = {isa = PBXBuildFile; fileRef = 461A59941E627CEC008990E5 /* LaunchScreen.storyboard */; };
		461A59A01E62BCE5008990E5 /* LoginViewController.swift in Sources */ = {isa = PBXBuildFile; fileRef = 461A599F1E62BCE5008990E5 /* LoginViewController.swift */; };
		4640AFFE1E67D768008013D9 /* TweetDetailViewController.swift in Sources */ = {isa = PBXBuildFile; fileRef = 4640AFFD1E67D768008013D9 /* TweetDetailViewController.swift */; };
		469610B71E638E1B0025462C /* User.swift in Sources */ = {isa = PBXBuildFile; fileRef = 469610B61E638E1B0025462C /* User.swift */; };
		469610B91E638E240025462C /* Tweet.swift in Sources */ = {isa = PBXBuildFile; fileRef = 469610B81E638E240025462C /* Tweet.swift */; };
		469610BC1E639AD50025462C /* TwitterClient.swift in Sources */ = {isa = PBXBuildFile; fileRef = 469610BB1E639AD50025462C /* TwitterClient.swift */; };
		469610BE1E63DE2E0025462C /* TweetsViewController.swift in Sources */ = {isa = PBXBuildFile; fileRef = 469610BD1E63DE2E0025462C /* TweetsViewController.swift */; };
		469610C01E64A8570025462C /* TweetTableViewCell.swift in Sources */ = {isa = PBXBuildFile; fileRef = 469610BF1E64A8570025462C /* TweetTableViewCell.swift */; };
/* End PBXBuildFile section */

/* Begin PBXFileReference section */
		41E9559197B6B60AEEFEB9F8 /* Pods-TwitterApp.release.xcconfig */ = {isa = PBXFileReference; includeInIndex = 1; lastKnownFileType = text.xcconfig; name = "Pods-TwitterApp.release.xcconfig"; path = "Pods/Target Support Files/Pods-TwitterApp/Pods-TwitterApp.release.xcconfig"; sourceTree = "<group>"; };
		460B519A1E6BFAD6001E89B0 /* ProfileViewController.swift */ = {isa = PBXFileReference; fileEncoding = 4; lastKnownFileType = sourcecode.swift; path = ProfileViewController.swift; sourceTree = "<group>"; };
		460B519C1E6BFAEC001E89B0 /* ComposeTweetViewController.swift */ = {isa = PBXFileReference; fileEncoding = 4; lastKnownFileType = sourcecode.swift; path = ComposeTweetViewController.swift; sourceTree = "<group>"; };
		461A59851E627CEC008990E5 /* TwitterApp.app */ = {isa = PBXFileReference; explicitFileType = wrapper.application; includeInIndex = 0; path = TwitterApp.app; sourceTree = BUILT_PRODUCTS_DIR; };
		461A59881E627CEC008990E5 /* AppDelegate.swift */ = {isa = PBXFileReference; lastKnownFileType = sourcecode.swift; path = AppDelegate.swift; sourceTree = "<group>"; };
		461A598D1E627CEC008990E5 /* Base */ = {isa = PBXFileReference; lastKnownFileType = file.storyboard; name = Base; path = Base.lproj/Main.storyboard; sourceTree = "<group>"; };
		461A59901E627CEC008990E5 /* TwitterApp.xcdatamodel */ = {isa = PBXFileReference; lastKnownFileType = wrapper.xcdatamodel; path = TwitterApp.xcdatamodel; sourceTree = "<group>"; };
		461A59921E627CEC008990E5 /* Assets.xcassets */ = {isa = PBXFileReference; lastKnownFileType = folder.assetcatalog; path = Assets.xcassets; sourceTree = "<group>"; };
		461A59951E627CEC008990E5 /* Base */ = {isa = PBXFileReference; lastKnownFileType = file.storyboard; name = Base; path = Base.lproj/LaunchScreen.storyboard; sourceTree = "<group>"; };
		461A59971E627CEC008990E5 /* Info.plist */ = {isa = PBXFileReference; lastKnownFileType = text.plist.xml; path = Info.plist; sourceTree = "<group>"; };
		461A599F1E62BCE5008990E5 /* LoginViewController.swift */ = {isa = PBXFileReference; fileEncoding = 4; lastKnownFileType = sourcecode.swift; path = LoginViewController.swift; sourceTree = "<group>"; };
		4640AFFD1E67D768008013D9 /* TweetDetailViewController.swift */ = {isa = PBXFileReference; fileEncoding = 4; lastKnownFileType = sourcecode.swift; path = TweetDetailViewController.swift; sourceTree = "<group>"; };
		469610B61E638E1B0025462C /* User.swift */ = {isa = PBXFileReference; fileEncoding = 4; lastKnownFileType = sourcecode.swift; path = User.swift; sourceTree = "<group>"; };
		469610B81E638E240025462C /* Tweet.swift */ = {isa = PBXFileReference; fileEncoding = 4; lastKnownFileType = sourcecode.swift; path = Tweet.swift; sourceTree = "<group>"; };
		469610BB1E639AD50025462C /* TwitterClient.swift */ = {isa = PBXFileReference; fileEncoding = 4; lastKnownFileType = sourcecode.swift; path = TwitterClient.swift; sourceTree = "<group>"; };
		469610BD1E63DE2E0025462C /* TweetsViewController.swift */ = {isa = PBXFileReference; fileEncoding = 4; lastKnownFileType = sourcecode.swift; path = TweetsViewController.swift; sourceTree = "<group>"; };
		469610BF1E64A8570025462C /* TweetTableViewCell.swift */ = {isa = PBXFileReference; fileEncoding = 4; lastKnownFileType = sourcecode.swift; path = TweetTableViewCell.swift; sourceTree = "<group>"; };
		51B86E14382F2030B24BECBC /* Pods-TwitterApp.debug.xcconfig */ = {isa = PBXFileReference; includeInIndex = 1; lastKnownFileType = text.xcconfig; name = "Pods-TwitterApp.debug.xcconfig"; path = "Pods/Target Support Files/Pods-TwitterApp/Pods-TwitterApp.debug.xcconfig"; sourceTree = "<group>"; };
		58A81828D57CD352FDF94B6E /* Pods_TwitterApp.framework */ = {isa = PBXFileReference; explicitFileType = wrapper.framework; includeInIndex = 0; path = Pods_TwitterApp.framework; sourceTree = BUILT_PRODUCTS_DIR; };
/* End PBXFileReference section */

/* Begin PBXFrameworksBuildPhase section */
		461A59821E627CEC008990E5 /* Frameworks */ = {
			isa = PBXFrameworksBuildPhase;
			buildActionMask = 2147483647;
			files = (
				1BB6FFA64753BA02C03E1D7E /* Pods_TwitterApp.framework in Frameworks */,
			);
			runOnlyForDeploymentPostprocessing = 0;
		};
/* End PBXFrameworksBuildPhase section */

/* Begin PBXGroup section */
		2FE13CD724EC77C3BA321474 /* Pods */ = {
			isa = PBXGroup;
			children = (
				51B86E14382F2030B24BECBC /* Pods-TwitterApp.debug.xcconfig */,
				41E9559197B6B60AEEFEB9F8 /* Pods-TwitterApp.release.xcconfig */,
			);
			name = Pods;
			sourceTree = "<group>";
		};
		461A597C1E627CEC008990E5 = {
			isa = PBXGroup;
			children = (
				461A59871E627CEC008990E5 /* TwitterApp */,
				461A59861E627CEC008990E5 /* Products */,
				2FE13CD724EC77C3BA321474 /* Pods */,
				60EF4F1F3D6DC6B2F4D71F8F /* Frameworks */,
			);
			sourceTree = "<group>";
		};
		461A59861E627CEC008990E5 /* Products */ = {
			isa = PBXGroup;
			children = (
				461A59851E627CEC008990E5 /* TwitterApp.app */,
			);
			name = Products;
			sourceTree = "<group>";
		};
		461A59871E627CEC008990E5 /* TwitterApp */ = {
			isa = PBXGroup;
			children = (
				469610BA1E639AB80025462C /* API */,
				469610B51E638E080025462C /* Models */,
				461A599E1E62B9C1008990E5 /* Views */,
				461A599D1E62B9B9008990E5 /* View Controllers */,
				461A59881E627CEC008990E5 /* AppDelegate.swift */,
				461A598C1E627CEC008990E5 /* Main.storyboard */,
				461A59921E627CEC008990E5 /* Assets.xcassets */,
				461A59941E627CEC008990E5 /* LaunchScreen.storyboard */,
				461A59971E627CEC008990E5 /* Info.plist */,
				461A598F1E627CEC008990E5 /* TwitterApp.xcdatamodeld */,
			);
			path = TwitterApp;
			sourceTree = "<group>";
		};
		461A599D1E62B9B9008990E5 /* View Controllers */ = {
			isa = PBXGroup;
			children = (
				461A599F1E62BCE5008990E5 /* LoginViewController.swift */,
				469610BD1E63DE2E0025462C /* TweetsViewController.swift */,
				4640AFFD1E67D768008013D9 /* TweetDetailViewController.swift */,
				460B519A1E6BFAD6001E89B0 /* ProfileViewController.swift */,
				460B519C1E6BFAEC001E89B0 /* ComposeTweetViewController.swift */,
			);
			name = "View Controllers";
			sourceTree = "<group>";
		};
		461A599E1E62B9C1008990E5 /* Views */ = {
			isa = PBXGroup;
			children = (
				469610BF1E64A8570025462C /* TweetTableViewCell.swift */,
			);
			name = Views;
			sourceTree = "<group>";
		};
		469610B51E638E080025462C /* Models */ = {
			isa = PBXGroup;
			children = (
				469610B61E638E1B0025462C /* User.swift */,
				469610B81E638E240025462C /* Tweet.swift */,
			);
			name = Models;
			sourceTree = "<group>";
		};
		469610BA1E639AB80025462C /* API */ = {
			isa = PBXGroup;
			children = (
				469610BB1E639AD50025462C /* TwitterClient.swift */,
			);
			name = API;
			sourceTree = "<group>";
		};
		60EF4F1F3D6DC6B2F4D71F8F /* Frameworks */ = {
			isa = PBXGroup;
			children = (
				58A81828D57CD352FDF94B6E /* Pods_TwitterApp.framework */,
			);
			name = Frameworks;
			sourceTree = "<group>";
		};
/* End PBXGroup section */

/* Begin PBXNativeTarget section */
		461A59841E627CEC008990E5 /* TwitterApp */ = {
			isa = PBXNativeTarget;
			buildConfigurationList = 461A599A1E627CEC008990E5 /* Build configuration list for PBXNativeTarget "TwitterApp" */;
			buildPhases = (
				2FC148A78A96F74AB9D07E04 /* [CP] Check Pods Manifest.lock */,
				461A59811E627CEC008990E5 /* Sources */,
				461A59821E627CEC008990E5 /* Frameworks */,
				461A59831E627CEC008990E5 /* Resources */,
				0E400C025F67762B61EB0DCD /* [CP] Embed Pods Frameworks */,
				D4F5F060743F786EACCD130E /* [CP] Copy Pods Resources */,
			);
			buildRules = (
			);
			dependencies = (
			);
			name = TwitterApp;
			productName = TwitterApp;
			productReference = 461A59851E627CEC008990E5 /* TwitterApp.app */;
			productType = "com.apple.product-type.application";
		};
/* End PBXNativeTarget section */

/* Begin PBXProject section */
		461A597D1E627CEC008990E5 /* Project object */ = {
			isa = PBXProject;
			attributes = {
				LastSwiftUpdateCheck = 0820;
				LastUpgradeCheck = 0820;
				ORGANIZATIONNAME = "Ryuji Mano";
				TargetAttributes = {
					461A59841E627CEC008990E5 = {
						CreatedOnToolsVersion = 8.2.1;
						DevelopmentTeam = 8A4H2873BE;
						ProvisioningStyle = Automatic;
					};
				};
			};
			buildConfigurationList = 461A59801E627CEC008990E5 /* Build configuration list for PBXProject "TwitterApp" */;
			compatibilityVersion = "Xcode 3.2";
			developmentRegion = English;
			hasScannedForEncodings = 0;
			knownRegions = (
				en,
				Base,
			);
			mainGroup = 461A597C1E627CEC008990E5;
			productRefGroup = 461A59861E627CEC008990E5 /* Products */;
			projectDirPath = "";
			projectRoot = "";
			targets = (
				461A59841E627CEC008990E5 /* TwitterApp */,
			);
		};
/* End PBXProject section */

/* Begin PBXResourcesBuildPhase section */
		461A59831E627CEC008990E5 /* Resources */ = {
			isa = PBXResourcesBuildPhase;
			buildActionMask = 2147483647;
			files = (
				461A59961E627CEC008990E5 /* LaunchScreen.storyboard in Resources */,
				461A59931E627CEC008990E5 /* Assets.xcassets in Resources */,
				461A598E1E627CEC008990E5 /* Main.storyboard in Resources */,
			);
			runOnlyForDeploymentPostprocessing = 0;
		};
/* End PBXResourcesBuildPhase section */

/* Begin PBXShellScriptBuildPhase section */
		0E400C025F67762B61EB0DCD /* [CP] Embed Pods Frameworks */ = {
			isa = PBXShellScriptBuildPhase;
			buildActionMask = 2147483647;
			files = (
			);
			inputPaths = (
			);
			name = "[CP] Embed Pods Frameworks";
			outputPaths = (
			);
			runOnlyForDeploymentPostprocessing = 0;
			shellPath = /bin/sh;
			shellScript = "\"${SRCROOT}/Pods/Target Support Files/Pods-TwitterApp/Pods-TwitterApp-frameworks.sh\"\n";
			showEnvVarsInLog = 0;
		};
		2FC148A78A96F74AB9D07E04 /* [CP] Check Pods Manifest.lock */ = {
			isa = PBXShellScriptBuildPhase;
			buildActionMask = 2147483647;
			files = (
			);
			inputPaths = (
			);
			name = "[CP] Check Pods Manifest.lock";
			outputPaths = (
			);
			runOnlyForDeploymentPostprocessing = 0;
			shellPath = /bin/sh;
			shellScript = "diff \"${PODS_ROOT}/../Podfile.lock\" \"${PODS_ROOT}/Manifest.lock\" > /dev/null\nif [ $? != 0 ] ; then\n    # print error to STDERR\n    echo \"error: The sandbox is not in sync with the Podfile.lock. Run 'pod install' or update your CocoaPods installation.\" >&2\n    exit 1\nfi\n";
			showEnvVarsInLog = 0;
		};
		D4F5F060743F786EACCD130E /* [CP] Copy Pods Resources */ = {
			isa = PBXShellScriptBuildPhase;
			buildActionMask = 2147483647;
			files = (
			);
			inputPaths = (
			);
			name = "[CP] Copy Pods Resources";
			outputPaths = (
			);
			runOnlyForDeploymentPostprocessing = 0;
			shellPath = /bin/sh;
			shellScript = "\"${SRCROOT}/Pods/Target Support Files/Pods-TwitterApp/Pods-TwitterApp-resources.sh\"\n";
			showEnvVarsInLog = 0;
		};
/* End PBXShellScriptBuildPhase section */

/* Begin PBXSourcesBuildPhase section */
		461A59811E627CEC008990E5 /* Sources */ = {
			isa = PBXSourcesBuildPhase;
			buildActionMask = 2147483647;
			files = (
				469610B71E638E1B0025462C /* User.swift in Sources */,
				469610B91E638E240025462C /* Tweet.swift in Sources */,
				460B519B1E6BFAD6001E89B0 /* ProfileViewController.swift in Sources */,
				4640AFFE1E67D768008013D9 /* TweetDetailViewController.swift in Sources */,
				461A59A01E62BCE5008990E5 /* LoginViewController.swift in Sources */,
				461A59911E627CEC008990E5 /* TwitterApp.xcdatamodeld in Sources */,
				469610BE1E63DE2E0025462C /* TweetsViewController.swift in Sources */,
				469610BC1E639AD50025462C /* TwitterClient.swift in Sources */,
				461A59891E627CEC008990E5 /* AppDelegate.swift in Sources */,
				460B519D1E6BFAEC001E89B0 /* ComposeTweetViewController.swift in Sources */,
				469610C01E64A8570025462C /* TweetTableViewCell.swift in Sources */,
			);
			runOnlyForDeploymentPostprocessing = 0;
		};
/* End PBXSourcesBuildPhase section */

/* Begin PBXVariantGroup section */
		461A598C1E627CEC008990E5 /* Main.storyboard */ = {
			isa = PBXVariantGroup;
			children = (
				461A598D1E627CEC008990E5 /* Base */,
			);
			name = Main.storyboard;
			sourceTree = "<group>";
		};
		461A59941E627CEC008990E5 /* LaunchScreen.storyboard */ = {
			isa = PBXVariantGroup;
			children = (
				461A59951E627CEC008990E5 /* Base */,
			);
			name = LaunchScreen.storyboard;
			sourceTree = "<group>";
		};
/* End PBXVariantGroup section */

/* Begin XCBuildConfiguration section */
		461A59981E627CEC008990E5 /* Debug */ = {
			isa = XCBuildConfiguration;
			buildSettings = {
				ALWAYS_SEARCH_USER_PATHS = NO;
				CLANG_ANALYZER_NONNULL = YES;
				CLANG_CXX_LANGUAGE_STANDARD = "gnu++0x";
				CLANG_CXX_LIBRARY = "libc++";
				CLANG_ENABLE_MODULES = YES;
				CLANG_ENABLE_OBJC_ARC = YES;
				CLANG_WARN_BOOL_CONVERSION = YES;
				CLANG_WARN_CONSTANT_CONVERSION = YES;
				CLANG_WARN_DIRECT_OBJC_ISA_USAGE = YES_ERROR;
				CLANG_WARN_DOCUMENTATION_COMMENTS = YES;
				CLANG_WARN_EMPTY_BODY = YES;
				CLANG_WARN_ENUM_CONVERSION = YES;
				CLANG_WARN_INFINITE_RECURSION = YES;
				CLANG_WARN_INT_CONVERSION = YES;
				CLANG_WARN_OBJC_ROOT_CLASS = YES_ERROR;
				CLANG_WARN_SUSPICIOUS_MOVE = YES;
				CLANG_WARN_UNREACHABLE_CODE = YES;
				CLANG_WARN__DUPLICATE_METHOD_MATCH = YES;
				"CODE_SIGN_IDENTITY[sdk=iphoneos*]" = "iPhone Developer";
				COPY_PHASE_STRIP = NO;
				DEBUG_INFORMATION_FORMAT = dwarf;
				ENABLE_STRICT_OBJC_MSGSEND = YES;
				ENABLE_TESTABILITY = YES;
				GCC_C_LANGUAGE_STANDARD = gnu99;
				GCC_DYNAMIC_NO_PIC = NO;
				GCC_NO_COMMON_BLOCKS = YES;
				GCC_OPTIMIZATION_LEVEL = 0;
				GCC_PREPROCESSOR_DEFINITIONS = (
					"DEBUG=1",
					"$(inherited)",
				);
				GCC_WARN_64_TO_32_BIT_CONVERSION = YES;
				GCC_WARN_ABOUT_RETURN_TYPE = YES_ERROR;
				GCC_WARN_UNDECLARED_SELECTOR = YES;
				GCC_WARN_UNINITIALIZED_AUTOS = YES_AGGRESSIVE;
				GCC_WARN_UNUSED_FUNCTION = YES;
				GCC_WARN_UNUSED_VARIABLE = YES;
				IPHONEOS_DEPLOYMENT_TARGET = 10.2;
				MTL_ENABLE_DEBUG_INFO = YES;
				ONLY_ACTIVE_ARCH = YES;
				SDKROOT = iphoneos;
				SWIFT_ACTIVE_COMPILATION_CONDITIONS = DEBUG;
				SWIFT_OPTIMIZATION_LEVEL = "-Onone";
			};
			name = Debug;
		};
		461A59991E627CEC008990E5 /* Release */ = {
			isa = XCBuildConfiguration;
			buildSettings = {
				ALWAYS_SEARCH_USER_PATHS = NO;
				CLANG_ANALYZER_NONNULL = YES;
				CLANG_CXX_LANGUAGE_STANDARD = "gnu++0x";
				CLANG_CXX_LIBRARY = "libc++";
				CLANG_ENABLE_MODULES = YES;
				CLANG_ENABLE_OBJC_ARC = YES;
				CLANG_WARN_BOOL_CONVERSION = YES;
				CLANG_WARN_CONSTANT_CONVERSION = YES;
				CLANG_WARN_DIRECT_OBJC_ISA_USAGE = YES_ERROR;
				CLANG_WARN_DOCUMENTATION_COMMENTS = YES;
				CLANG_WARN_EMPTY_BODY = YES;
				CLANG_WARN_ENUM_CONVERSION = YES;
				CLANG_WARN_INFINITE_RECURSION = YES;
				CLANG_WARN_INT_CONVERSION = YES;
				CLANG_WARN_OBJC_ROOT_CLASS = YES_ERROR;
				CLANG_WARN_SUSPICIOUS_MOVE = YES;
				CLANG_WARN_UNREACHABLE_CODE = YES;
				CLANG_WARN__DUPLICATE_METHOD_MATCH = YES;
				"CODE_SIGN_IDENTITY[sdk=iphoneos*]" = "iPhone Developer";
				COPY_PHASE_STRIP = NO;
				DEBUG_INFORMATION_FORMAT = "dwarf-with-dsym";
				ENABLE_NS_ASSERTIONS = NO;
				ENABLE_STRICT_OBJC_MSGSEND = YES;
				GCC_C_LANGUAGE_STANDARD = gnu99;
				GCC_NO_COMMON_BLOCKS = YES;
				GCC_WARN_64_TO_32_BIT_CONVERSION = YES;
				GCC_WARN_ABOUT_RETURN_TYPE = YES_ERROR;
				GCC_WARN_UNDECLARED_SELECTOR = YES;
				GCC_WARN_UNINITIALIZED_AUTOS = YES_AGGRESSIVE;
				GCC_WARN_UNUSED_FUNCTION = YES;
				GCC_WARN_UNUSED_VARIABLE = YES;
				IPHONEOS_DEPLOYMENT_TARGET = 10.2;
				MTL_ENABLE_DEBUG_INFO = NO;
				SDKROOT = iphoneos;
				SWIFT_OPTIMIZATION_LEVEL = "-Owholemodule";
				VALIDATE_PRODUCT = YES;
			};
			name = Release;
		};
		461A599B1E627CEC008990E5 /* Debug */ = {
			isa = XCBuildConfiguration;
			baseConfigurationReference = 51B86E14382F2030B24BECBC /* Pods-TwitterApp.debug.xcconfig */;
			buildSettings = {
				ASSETCATALOG_COMPILER_APPICON_NAME = AppIcon;
				DEVELOPMENT_TEAM = 8A4H2873BE;
				INFOPLIST_FILE = TwitterApp/Info.plist;
				LD_RUNPATH_SEARCH_PATHS = "$(inherited) @executable_path/Frameworks";
				PRODUCT_BUNDLE_IDENTIFIER = com.ryujimano.TwitterApp;
				PRODUCT_NAME = "$(TARGET_NAME)";
				SWIFT_VERSION = 3.0;
			};
			name = Debug;
		};
		461A599C1E627CEC008990E5 /* Release */ = {
			isa = XCBuildConfiguration;
			baseConfigurationReference = 41E9559197B6B60AEEFEB9F8 /* Pods-TwitterApp.release.xcconfig */;
			buildSettings = {
				ASSETCATALOG_COMPILER_APPICON_NAME = AppIcon;
				DEVELOPMENT_TEAM = 8A4H2873BE;
				INFOPLIST_FILE = TwitterApp/Info.plist;
				LD_RUNPATH_SEARCH_PATHS = "$(inherited) @executable_path/Frameworks";
				PRODUCT_BUNDLE_IDENTIFIER = com.ryujimano.TwitterApp;
				PRODUCT_NAME = "$(TARGET_NAME)";
				SWIFT_VERSION = 3.0;
			};
			name = Release;
		};
/* End XCBuildConfiguration section */

/* Begin XCConfigurationList section */
		461A59801E627CEC008990E5 /* Build configuration list for PBXProject "TwitterApp" */ = {
			isa = XCConfigurationList;
			buildConfigurations = (
				461A59981E627CEC008990E5 /* Debug */,
				461A59991E627CEC008990E5 /* Release */,
			);
			defaultConfigurationIsVisible = 0;
			defaultConfigurationName = Release;
		};
		461A599A1E627CEC008990E5 /* Build configuration list for PBXNativeTarget "TwitterApp" */ = {
			isa = XCConfigurationList;
			buildConfigurations = (
				461A599B1E627CEC008990E5 /* Debug */,
				461A599C1E627CEC008990E5 /* Release */,
			);
			defaultConfigurationIsVisible = 0;
			defaultConfigurationName = Release;
		};
/* End XCConfigurationList section */

/* Begin XCVersionGroup section */
		461A598F1E627CEC008990E5 /* TwitterApp.xcdatamodeld */ = {
			isa = XCVersionGroup;
			children = (
				461A59901E627CEC008990E5 /* TwitterApp.xcdatamodel */,
			);
			currentVersion = 461A59901E627CEC008990E5 /* TwitterApp.xcdatamodel */;
			path = TwitterApp.xcdatamodeld;
			sourceTree = "<group>";
			versionGroupType = wrapper.xcdatamodel;
		};
/* End XCVersionGroup section */
	};
	rootObject = 461A597D1E627CEC008990E5 /* Project object */;
}
